
Microsoft Visual Studio Solution File, Format Version 12.00
# Visual Studio Version 17
VisualStudioVersion = 17.13.35825.156 d17.13
MinimumVisualStudioVersion = 10.0.40219.1
Project("{FAE04EC0-301F-11D3-BF4B-00C04F79EFBC}") = "Tester", "Tester\Tester.csproj", "{88EBD821-DBF2-45C8-8CC9-B649C518DFAD}"
EndProject
Global
	GlobalSection(SolutionConfigurationPlatforms) = preSolution
		Debug|Any CPU = Debug|Any CPU
		Release|Any CPU = Release|Any CPU
	EndGlobalSection
	GlobalSection(ProjectConfigurationPlatforms) = postSolution
		{88EBD821-DBF2-45C8-8CC9-B649C518DFAD}.Debug|Any CPU.ActiveCfg = Debug|Any CPU
		{88EBD821-DBF2-45C8-8CC9-B649C518DFAD}.Debug|Any CPU.Build.0 = Debug|Any CPU
		{88EBD821-DBF2-45C8-8CC9-B649C518DFAD}.Release|Any CPU.ActiveCfg = Release|Any CPU
		{88EBD821-DBF2-45C8-8CC9-B649C518DFAD}.Release|Any CPU.Build.0 = Release|Any CPU
	EndGlobalSection
	GlobalSection(SolutionProperties) = preSolution
		HideSolutionNode = FALSE
	EndGlobalSection
	GlobalSection(ExtensibilityGlobals) = postSolution
		SolutionGuid = {D2050C16-D01E-43B6-98EF-53758ED2E73E}
	EndGlobalSection
EndGlobal
